{
  "name": "ler-legendas",
  "version": "1.0.0",
  "lockfileVersion": 1,
  "requires": true,
  "dependencies": {
    "lodash": {
      "version": "4.17.21",
      "resolved": "https://nexus.bvnet.bv/repository/npm-group/lodash/-/lodash-4.17.21.tgz",
      "integrity": "sha512-v2kDEe57lecTulaDIuNTPy3Ry4gLGJ6Z1O3vE1krgXZNrsQ+LFTGHVxVjcXPs17LhbZVGedAJv8XZ1tvj5FvSg=="
    },
    "rxjs": {
      "version": "7.2.0",
      "resolved": "https://nexus.bvnet.bv/repository/npm-group/rxjs/-/rxjs-7.2.0.tgz",
      "integrity": "sha512-aX8w9OpKrQmiPKfT1bqETtUr9JygIz6GZ+gql8v7CijClsP0laoFUdKzxFAoWuRdSlOdU2+crss+cMf+cqMTnw==",
      "requires": {
        "tslib": "2.1.0"
      }
    },
    "tslib": {
      "version": "2.1.0",
      "resolved": "https://nexus.bvnet.bv/repository/npm-group/tslib/-/tslib-2.1.0.tgz",
      "integrity": "sha512-hcVC3wYEziELGGmEEXue7D75zbwIIVUMWAVbHItGPx0ziyXxrOMQx4rQEVEV45Ut/1IotuEvwqPopzIOkDMf0A=="
    },
    "xmlhttprequest": {
      "version": "1.8.0",
      "resolved": "https://nexus.bvnet.bv/repository/npm-group/xmlhttprequest/-/xmlhttprequest-1.8.0.tgz",
      "integrity": "sha1-Z/4HXFwk/vOfnWX197f+dRcZaPw="
    }
  }
}
